
Microsoft Visual Studio Solution File, Format Version 12.00
# Visual Studio 15
VisualStudioVersion = 15.0.26430.14
MinimumVisualStudioVersion = 10.0.40219.1
Project("{FAE04EC0-301F-11D3-BF4B-00C04F79EFBC}") = "ILEditor", "ILEditor\ILEditor.csproj", "{9F66C8A3-C1D9-4CF0-B6F4-A7B9B8E802BB}"
EndProject
Global
	GlobalSection(SolutionConfigurationPlatforms) = preSolution
		Debug|Any CPU = Debug|Any CPU
		Release|Any CPU = Release|Any CPU
	EndGlobalSection
	GlobalSection(ProjectConfigurationPlatforms) = postSolution
		{9F66C8A3-C1D9-4CF0-B6F4-A7B9B8E802BB}.Debug|Any CPU.ActiveCfg = Debug|Any CPU
		{9F66C8A3-C1D9-4CF0-B6F4-A7B9B8E802BB}.Debug|Any CPU.Build.0 = Debug|Any CPU
		{9F66C8A3-C1D9-4CF0-B6F4-A7B9B8E802BB}.Release|Any CPU.ActiveCfg = Release|Any CPU
		{9F66C8A3-C1D9-4CF0-B6F4-A7B9B8E802BB}.Release|Any CPU.Build.0 = Release|Any CPU
	EndGlobalSection
	GlobalSection(SolutionProperties) = preSolution
		HideSolutionNode = FALSE
	EndGlobalSection
EndGlobal
